
Microsoft Visual Studio Solution File, Format Version 12.00
# Visual Studio Version 16
VisualStudioVersion = 16.0.29613.14
MinimumVisualStudioVersion = 10.0.40219.1
Project("{FAE04EC0-301F-11D3-BF4B-00C04F79EFBC}") = "TestForm", "test\TestForm\TestForm.csproj", "{CD4EC0D9-1ECA-4E6A-AB00-687FCC4B432C}"
EndProject
Project("{9A19103F-16F7-4668-BE54-9A1E7A4F7556}") = "Gsemac.Forms.Styles", "src\Gsemac.Forms.Styles\Gsemac.Forms.Styles.csproj", "{EE0193ED-6D71-477B-93E1-E3C15E0B0EEA}"
EndProject
Project("{2150E333-8FDC-42A3-9474-1A3956D46DE8}") = "src", "src", "{55C249C4-FEA1-4787-A971-8236671D7BBB}"
EndProject
Project("{2150E333-8FDC-42A3-9474-1A3956D46DE8}") = "test", "test", "{E2D2BBEE-0F95-453F-81C2-C1C6B2FF243F}"
EndProject
Project("{FAE04EC0-301F-11D3-BF4B-00C04F79EFBC}") = "Gsemac.Forms.Styles.Tests", "test\Gsemac.Forms.Styles.Tests\Gsemac.Forms.Styles.Tests.csproj", "{59AF0C3D-370A-41E3-8599-91A9B0DBE5E2}"
EndProject
Global
	GlobalSection(SolutionConfigurationPlatforms) = preSolution
		Debug|Any CPU = Debug|Any CPU
		Release|Any CPU = Release|Any CPU
	EndGlobalSection
	GlobalSection(ProjectConfigurationPlatforms) = postSolution
		{CD4EC0D9-1ECA-4E6A-AB00-687FCC4B432C}.Debug|Any CPU.ActiveCfg = Debug|Any CPU
		{CD4EC0D9-1ECA-4E6A-AB00-687FCC4B432C}.Debug|Any CPU.Build.0 = Debug|Any CPU
		{CD4EC0D9-1ECA-4E6A-AB00-687FCC4B432C}.Release|Any CPU.ActiveCfg = Release|Any CPU
		{CD4EC0D9-1ECA-4E6A-AB00-687FCC4B432C}.Release|Any CPU.Build.0 = Release|Any CPU
		{EE0193ED-6D71-477B-93E1-E3C15E0B0EEA}.Debug|Any CPU.ActiveCfg = Debug|Any CPU
		{EE0193ED-6D71-477B-93E1-E3C15E0B0EEA}.Debug|Any CPU.Build.0 = Debug|Any CPU
		{EE0193ED-6D71-477B-93E1-E3C15E0B0EEA}.Release|Any CPU.ActiveCfg = Release|Any CPU
		{EE0193ED-6D71-477B-93E1-E3C15E0B0EEA}.Release|Any CPU.Build.0 = Release|Any CPU
		{59AF0C3D-370A-41E3-8599-91A9B0DBE5E2}.Debug|Any CPU.ActiveCfg = Debug|Any CPU
		{59AF0C3D-370A-41E3-8599-91A9B0DBE5E2}.Debug|Any CPU.Build.0 = Debug|Any CPU
		{59AF0C3D-370A-41E3-8599-91A9B0DBE5E2}.Release|Any CPU.ActiveCfg = Release|Any CPU
		{59AF0C3D-370A-41E3-8599-91A9B0DBE5E2}.Release|Any CPU.Build.0 = Release|Any CPU
	EndGlobalSection
	GlobalSection(SolutionProperties) = preSolution
		HideSolutionNode = FALSE
	EndGlobalSection
	GlobalSection(NestedProjects) = preSolution
		{CD4EC0D9-1ECA-4E6A-AB00-687FCC4B432C} = {E2D2BBEE-0F95-453F-81C2-C1C6B2FF243F}
		{EE0193ED-6D71-477B-93E1-E3C15E0B0EEA} = {55C249C4-FEA1-4787-A971-8236671D7BBB}
		{59AF0C3D-370A-41E3-8599-91A9B0DBE5E2} = {E2D2BBEE-0F95-453F-81C2-C1C6B2FF243F}
	EndGlobalSection
	GlobalSection(ExtensibilityGlobals) = postSolution
		SolutionGuid = {5BC0BD0E-CAE4-481F-B88E-B7655DAD5586}
	EndGlobalSection
EndGlobal
